{
  "lockfile_version": "1",
  "packages": {
    "github:NixOS/nixpkgs/nixpkgs-unstable": {
      "last_modified": "2026-05-15T18:21:44Z",
      "resolved": "github:NixOS/nixpkgs/d233902339c02a9c334e7e593de68855ad26c4cb?lastModified=1778869304&narHash=sha256-30sZNZoA1cqF5JNO9fVX%2BwgiQYjB7HJqqJ4ztCDeBZE%3D"
    },
    "pre-commit@4.5.1": {
      "last_modified": "2026-05-13T11:46:26Z",
      "resolved": "github:NixOS/nixpkgs/eef00dfd8a712b34af845f9350bac681b1228bd1#pre-commit",
      "source": "devbox-search",
      "version": "4.5.1",
      "systems": {
        "aarch64-darwin": {
          "outputs": [
            {
              "name": "out",
              "path": "/nix/store/4y39fninb80ps3y1bnc7xyv31b775iv4-pre-commit-4.5.1",
              "default": true
            },
            {
              "name": "dist",
              "path": "/nix/store/nc7n6xzxylg7yz99wpvya66fa59nj4ia-pre-commit-4.5.1-dist"
            }
          ],
          "store_path": "/nix/store/4y39fninb80ps3y1bnc7xyv31b775iv4-pre-commit-4.5.1"
        },
        "aarch64-linux": {
          "outputs": [
            {
              "name": "out",
              "path": "/nix/store/92335zilycqlwb1274csqaya0x026asa-pre-commit-4.5.1",
              "default": true
            },
            {
              "name": "dist",
              "path": "/nix/store/g115vm8wcjg1xrr4jzyrr75dain0q6lc-pre-commit-4.5.1-dist"
            }
          ],
          "store_path": "/nix/store/92335zilycqlwb1274csqaya0x026asa-pre-commit-4.5.1"
        },
        "x86_64-darwin": {
          "outputs": [
            {
              "name": "out",
              "path": "/nix/store/cyg8p7vsriyvh8ciq8iv1p8x33vcjia8-pre-commit-4.5.1",
              "default": true
            },
            {
              "name": "dist",
              "path": "/nix/store/07bqg3w88gl45vrx21x6rbnsg8c8p5xc-pre-commit-4.5.1-dist"
            }
          ],
          "store_path": "/nix/store/cyg8p7vsriyvh8ciq8iv1p8x33vcjia8-pre-commit-4.5.1"
        },
        "x86_64-linux": {
          "outputs": [
            {
              "name": "out",
              "path": "/nix/store/vahfa5p05q8zyjhj47i4543nzd47y24n-pre-commit-4.5.1",
              "default": true
            },
            {
              "name": "dist",
              "path": "/nix/store/wrwjqaz58lnq793za7qlk50zsbrqywpd-pre-commit-4.5.1-dist"
            }
          ],
          "store_path": "/nix/store/vahfa5p05q8zyjhj47i4543nzd47y24n-pre-commit-4.5.1"
        }
      }
    },
    "uv@0.11.13": {
      "last_modified": "2026-05-12T01:56:55Z",
      "resolved": "github:NixOS/nixpkgs/0a0bf409f3593f415d0a554f33acc63dc7dccb43#uv",
      "source": "devbox-search",
      "version": "0.11.13",
      "systems": {
        "aarch64-darwin": {
          "outputs": [
            {
              "name": "out",
              "path": "/nix/store/mlr4v6ryrg3xy1dwlgw13kzryfdkcza3-uv-0.11.13",
              "default": true
            }
          ],
          "store_path": "/nix/store/mlr4v6ryrg3xy1dwlgw13kzryfdkcza3-uv-0.11.13"
        },
        "aarch64-linux": {
          "outputs": [
            {
              "name": "out",
              "path": "/nix/store/kz84x6sr5zbg68a6a1bbbzadxh3ia3ks-uv-0.11.13",
              "default": true
            }
          ],
          "store_path": "/nix/store/kz84x6sr5zbg68a6a1bbbzadxh3ia3ks-uv-0.11.13"
        },
        "x86_64-darwin": {
          "outputs": [
            {
              "name": "out",
              "path": "/nix/store/153kd3dwv1kj3dc2q6m5sclmp6ci01qf-uv-0.11.13",
              "default": true
            }
          ],
          "store_path": "/nix/store/153kd3dwv1kj3dc2q6m5sclmp6ci01qf-uv-0.11.13"
        },
        "x86_64-linux": {
          "outputs": [
            {
              "name": "out",
              "path": "/nix/store/34fqzdjn8w589r3lkdgrnvrjj64yssj6-uv-0.11.13",
              "default": true
            }
          ],
          "store_path": "/nix/store/34fqzdjn8w589r3lkdgrnvrjj64yssj6-uv-0.11.13"
        }
      }
    }
  }
}
