{
  "lockfile_version": "1",
  "packages": {
    "github:NixOS/nixpkgs/nixpkgs-unstable": {
      "last_modified": "2026-05-08T21:03:27Z",
      "resolved": "github:NixOS/nixpkgs/b3da656039dc7a6240f27b2ef8cc6a3ef3bccae7?lastModified=1778274207&narHash=sha256-I4puXmX1iovcCHZlRmztO3vW0mAbbRvq4F8wgIMQ1MM%3D"
    },
    "pre-commit@4.5.1": {
      "last_modified": "2026-05-03T08:31:49Z",
      "resolved": "github:NixOS/nixpkgs/90c100cb48d61a0316b9479bb03f1be36d34b92a#pre-commit",
      "source": "devbox-search",
      "version": "4.5.1",
      "systems": {
        "aarch64-darwin": {
          "outputs": [
            {
              "name": "out",
              "path": "/nix/store/sc7yf1pjki5wr8fl32668cvwcz6fg7z2-pre-commit-4.5.1",
              "default": true
            },
            {
              "name": "dist",
              "path": "/nix/store/mnvfhlxypcnhgj86w0yb99qn23idyl9s-pre-commit-4.5.1-dist"
            }
          ],
          "store_path": "/nix/store/sc7yf1pjki5wr8fl32668cvwcz6fg7z2-pre-commit-4.5.1"
        },
        "aarch64-linux": {
          "outputs": [
            {
              "name": "out",
              "path": "/nix/store/21z7ni1rsz8kyc72s4rv3yaj0b0a0dkd-pre-commit-4.5.1",
              "default": true
            },
            {
              "name": "dist",
              "path": "/nix/store/i5ydw8yjlyncnmj2xlixbn92hzpncxph-pre-commit-4.5.1-dist"
            }
          ],
          "store_path": "/nix/store/21z7ni1rsz8kyc72s4rv3yaj0b0a0dkd-pre-commit-4.5.1"
        },
        "x86_64-darwin": {
          "outputs": [
            {
              "name": "out",
              "path": "/nix/store/cyg8p7vsriyvh8ciq8iv1p8x33vcjia8-pre-commit-4.5.1",
              "default": true
            },
            {
              "name": "dist",
              "path": "/nix/store/07bqg3w88gl45vrx21x6rbnsg8c8p5xc-pre-commit-4.5.1-dist"
            }
          ],
          "store_path": "/nix/store/cyg8p7vsriyvh8ciq8iv1p8x33vcjia8-pre-commit-4.5.1"
        },
        "x86_64-linux": {
          "outputs": [
            {
              "name": "out",
              "path": "/nix/store/dkbmb92knazrv7z114243y4r6d78055l-pre-commit-4.5.1",
              "default": true
            },
            {
              "name": "dist",
              "path": "/nix/store/vw0g1v72pmab5fnwij18bphqjfa2vp8p-pre-commit-4.5.1-dist"
            }
          ],
          "store_path": "/nix/store/dkbmb92knazrv7z114243y4r6d78055l-pre-commit-4.5.1"
        }
      }
    },
    "uv@0.10.12": {
      "last_modified": "2026-03-21T07:29:51Z",
      "resolved": "github:NixOS/nixpkgs/09061f748ee21f68a089cd5d91ec1859cd93d0be#uv",
      "source": "devbox-search",
      "version": "0.10.12",
      "systems": {
        "aarch64-darwin": {
          "outputs": [
            {
              "name": "out",
              "path": "/nix/store/zcd77xfahbcdc41k8d5p4hhbancz100l-uv-0.10.12",
              "default": true
            }
          ],
          "store_path": "/nix/store/zcd77xfahbcdc41k8d5p4hhbancz100l-uv-0.10.12"
        },
        "aarch64-linux": {
          "outputs": [
            {
              "name": "out",
              "path": "/nix/store/wchd5l7v310s5z7gi0lbpihaqs8rl7n3-uv-0.10.12",
              "default": true
            }
          ],
          "store_path": "/nix/store/wchd5l7v310s5z7gi0lbpihaqs8rl7n3-uv-0.10.12"
        },
        "x86_64-darwin": {
          "outputs": [
            {
              "name": "out",
              "path": "/nix/store/d2anink1srzzfnlil4b9f1qafcjk578w-uv-0.10.12",
              "default": true
            }
          ],
          "store_path": "/nix/store/d2anink1srzzfnlil4b9f1qafcjk578w-uv-0.10.12"
        },
        "x86_64-linux": {
          "outputs": [
            {
              "name": "out",
              "path": "/nix/store/gy92vs7xlhzmic3gjc3dma33nagzdikp-uv-0.10.12",
              "default": true
            }
          ],
          "store_path": "/nix/store/gy92vs7xlhzmic3gjc3dma33nagzdikp-uv-0.10.12"
        }
      }
    }
  }
}
