{
  "lockfile_version": "1",
  "packages": {
    "github:NixOS/nixpkgs/nixpkgs-unstable": {
      "last_modified": "2026-03-14T16:50:54Z",
      "resolved": "github:NixOS/nixpkgs/e80236013dc8b77aa49ca90e7a12d86f5d8d64c9?lastModified=1773507054&narHash=sha256-Q8U5VXgrcxmCxPtCCJCIZkcAX3FCZwGh1GNVIXxMND0%3D"
    },
    "pre-commit@4.5.1": {
      "last_modified": "2026-03-10T02:35:18Z",
      "resolved": "github:NixOS/nixpkgs/e607cb5360ff1234862ac9f8839522becb853bb9#pre-commit",
      "source": "devbox-search",
      "version": "4.5.1",
      "systems": {
        "aarch64-darwin": {
          "outputs": [
            {
              "name": "out",
              "path": "/nix/store/drzmfrpql8kfdabvp3w81xi7sx5df5q2-pre-commit-4.5.1",
              "default": true
            },
            {
              "name": "dist",
              "path": "/nix/store/nbmg7kazrr1vs4k108n1wmyhhfvkvb3g-pre-commit-4.5.1-dist"
            }
          ],
          "store_path": "/nix/store/drzmfrpql8kfdabvp3w81xi7sx5df5q2-pre-commit-4.5.1"
        },
        "aarch64-linux": {
          "outputs": [
            {
              "name": "out",
              "path": "/nix/store/7fjmyglh9shf9vr36shsn4yxpydda76q-pre-commit-4.5.1",
              "default": true
            },
            {
              "name": "dist",
              "path": "/nix/store/8balzcv976cnizs1zrvfjjjr80j30jzf-pre-commit-4.5.1-dist"
            }
          ],
          "store_path": "/nix/store/7fjmyglh9shf9vr36shsn4yxpydda76q-pre-commit-4.5.1"
        },
        "x86_64-darwin": {
          "outputs": [
            {
              "name": "out",
              "path": "/nix/store/kbrvgx1g1k2k2q9kxnpy84r9k0liwp3v-pre-commit-4.5.1",
              "default": true
            },
            {
              "name": "dist",
              "path": "/nix/store/xafnc9yslf1sb3prc3yifwq7rb00423g-pre-commit-4.5.1-dist"
            }
          ],
          "store_path": "/nix/store/kbrvgx1g1k2k2q9kxnpy84r9k0liwp3v-pre-commit-4.5.1"
        },
        "x86_64-linux": {
          "outputs": [
            {
              "name": "out",
              "path": "/nix/store/zwamcvd0ddn6f3b37kd6n04g68s4i5l6-pre-commit-4.5.1",
              "default": true
            },
            {
              "name": "dist",
              "path": "/nix/store/dgzm3fak40fc1fwib6lz3cx7hp2hhr88-pre-commit-4.5.1-dist"
            }
          ],
          "store_path": "/nix/store/zwamcvd0ddn6f3b37kd6n04g68s4i5l6-pre-commit-4.5.1"
        }
      }
    },
    "uv@0.11.3": {
      "last_modified": "2026-04-05T07:14:34Z",
      "resolved": "github:NixOS/nixpkgs/bd48fcede9287ff448ecc84c4e94a4fca4bd0d72#uv",
      "source": "devbox-search",
      "version": "0.11.3",
      "systems": {
        "aarch64-darwin": {
          "outputs": [
            {
              "name": "out",
              "path": "/nix/store/kmwk12mig39b5s4qsg69x9cfis1cqy74-uv-0.11.3",
              "default": true
            }
          ],
          "store_path": "/nix/store/kmwk12mig39b5s4qsg69x9cfis1cqy74-uv-0.11.3"
        },
        "aarch64-linux": {
          "outputs": [
            {
              "name": "out",
              "path": "/nix/store/1dr276kzxkqn36rpw58b60bqby61v6lg-uv-0.11.3",
              "default": true
            }
          ],
          "store_path": "/nix/store/1dr276kzxkqn36rpw58b60bqby61v6lg-uv-0.11.3"
        },
        "x86_64-darwin": {
          "outputs": [
            {
              "name": "out",
              "path": "/nix/store/pwdz4bblhks7wm906z9xj0jg4hrgmlf4-uv-0.11.3",
              "default": true
            }
          ],
          "store_path": "/nix/store/pwdz4bblhks7wm906z9xj0jg4hrgmlf4-uv-0.11.3"
        },
        "x86_64-linux": {
          "outputs": [
            {
              "name": "out",
              "path": "/nix/store/9w1gc84093gxs99arb4rkzm0kw9lkc5p-uv-0.11.3",
              "default": true
            }
          ],
          "store_path": "/nix/store/9w1gc84093gxs99arb4rkzm0kw9lkc5p-uv-0.11.3"
        }
      }
    }
  }
}
